<?xml version="1.0" encoding="utf-8"?>
<Project ToolsVersion="4.0" xmlns="http://schemas.microsoft.com/developer/msbuild/2003">
  <ItemGroup>
    <Filter Include="Исходные файлы">
      <UniqueIdentifier>{4FC737F1-C7A5-4376-A066-2A32D752A2FF}</UniqueIdentifier>
      <Extensions>cpp;c;cc;cxx;c++;cppm;ixx;def;odl;idl;hpj;bat;asm;asmx</Extensions>
    </Filter>
    <Filter Include="Файлы заголовков">
      <UniqueIdentifier>{93995380-89BD-4b04-88EB-625FBE52EBFB}</UniqueIdentifier>
      <Extensions>h;hh;hpp;hxx;h++;hm;inl;inc;ipp;xsd</Extensions>
    </Filter>
    <Filter Include="Файлы ресурсов">
      <UniqueIdentifier>{67DA6AB6-F800-4c08-8B7A-83BB121AAD01}</UniqueIdentifier>
      <Extensions>rc;ico;cur;bmp;dlg;rc2;rct;bin;rgs;gif;jpg;jpeg;jpe;resx;tiff;tif;png;wav;mfcribbon-ms</Extensions>
    </Filter>
    <Filter Include="Исходные файлы\OpenGLENG">
      <UniqueIdentifier>{47cc5fc3-e0d2-4f27-b957-ab17f5444977}</UniqueIdentifier>
    </Filter>
    <Filter Include="Файлы заголовков\OpenGLENG">
      <UniqueIdentifier>{a08999dc-75c2-4efe-b228-09ef6e7f9022}</UniqueIdentifier>
    </Filter>
  </ItemGroup>
  <ItemGroup>
    <ClCompile Include="main.cpp">
      <Filter>Исходные файлы</Filter>
    </ClCompile>
    <ClCompile Include="OpenGLENG\Object.cpp">
      <Filter>Исходные файлы\OpenGLENG</Filter>
    </ClCompile>
    <ClCompile Include="OpenGLENG\OBJloader.cpp">
      <Filter>Исходные файлы\OpenGLENG</Filter>
    </ClCompile>
    <ClCompile Include="OpenGLENG\Scene.cpp">
      <Filter>Исходные файлы\OpenGLENG</Filter>
    </ClCompile>
    <ClCompile Include="OpenGLENG\Primitives.cpp">
      <Filter>Исходные файлы\OpenGLENG</Filter>
    </ClCompile>
    <ClCompile Include="OpenGLENG\ShaderFuncs.cpp">
      <Filter>Исходные файлы\OpenGLENG</Filter>
    </ClCompile>
    <ClCompile Include="MainGameClass.cpp">
      <Filter>Исходные файлы</Filter>
    </ClCompile>
  </ItemGroup>
  <ItemGroup>
    <ClInclude Include="OpenGLENG\stb_image.h">
      <Filter>Файлы заголовков\OpenGLENG</Filter>
    </ClInclude>
    <ClInclude Include="OpenGLENG\LightStructs.h">
      <Filter>Файлы заголовков\OpenGLENG</Filter>
    </ClInclude>
    <ClInclude Include="OpenGLENG\Object.h">
      <Filter>Файлы заголовков\OpenGLENG</Filter>
    </ClInclude>
    <ClInclude Include="OpenGLENG\OBJloader.h">
      <Filter>Файлы заголовков\OpenGLENG</Filter>
    </ClInclude>
    <ClInclude Include="OpenGLENG\Primitives.h">
      <Filter>Файлы заголовков\OpenGLENG</Filter>
    </ClInclude>
    <ClInclude Include="OpenGLENG\Scene.h">
      <Filter>Файлы заголовков\OpenGLENG</Filter>
    </ClInclude>
    <ClInclude Include="OpenGLENG\ShaderFuncs.h">
      <Filter>Файлы заголовков\OpenGLENG</Filter>
    </ClInclude>
    <ClInclude Include="MainGameClass.h">
      <Filter>Файлы заголовков</Filter>
    </ClInclude>
  </ItemGroup>
  <ItemGroup>
    <None Include="OpenGLENG\VertexShader.glsl">
      <Filter>Файлы заголовков\OpenGLENG</Filter>
    </None>
    <None Include="OpenGLENG\FragmentShader.glsl">
      <Filter>Файлы заголовков\OpenGLENG</Filter>
    </None>
  </ItemGroup>
</Project>